
Microsoft Visual Studio Solution File, Format Version 12.00
# Visual Studio Version 16
VisualStudioVersion = 16.0.29709.97
MinimumVisualStudioVersion = 10.0.40219.1
Project("{FAE04EC0-301F-11D3-BF4B-00C04F79EFBC}") = "IceCreamAPI", "IceCreamAPI\IceCreamAPI.csproj", "{A6348A8A-06F4-403A-B01D-DB3FE25B2166}"
EndProject
Global
	GlobalSection(SolutionConfigurationPlatforms) = preSolution
		Debug|Any CPU = Debug|Any CPU
		Release|Any CPU = Release|Any CPU
	EndGlobalSection
	GlobalSection(ProjectConfigurationPlatforms) = postSolution
		{A6348A8A-06F4-403A-B01D-DB3FE25B2166}.Debug|Any CPU.ActiveCfg = Debug|Any CPU
		{A6348A8A-06F4-403A-B01D-DB3FE25B2166}.Debug|Any CPU.Build.0 = Debug|Any CPU
		{A6348A8A-06F4-403A-B01D-DB3FE25B2166}.Release|Any CPU.ActiveCfg = Release|Any CPU
		{A6348A8A-06F4-403A-B01D-DB3FE25B2166}.Release|Any CPU.Build.0 = Release|Any CPU
	EndGlobalSection
	GlobalSection(SolutionProperties) = preSolution
		HideSolutionNode = FALSE
	EndGlobalSection
	GlobalSection(ExtensibilityGlobals) = postSolution
		SolutionGuid = {57D0336D-B8D6-43F9-98E6-DAB349CA580C}
	EndGlobalSection
EndGlobal
